// !$*UTF8*$!
{
	archiveVersion = 1;
	classes = {
	};
	objectVersion = 56;
	objects = {

/* Begin PBXBuildFile section */
		1F0066F7296F0326000E42CB /* WeatherApp.swift in Sources */ = {isa = PBXBuildFile; fileRef = 1F0066F6296F0326000E42CB /* WeatherApp.swift */; };
		1F0066F9296F0327000E42CB /* WeatherView.swift in Sources */ = {isa = PBXBuildFile; fileRef = 1F0066F8296F0327000E42CB /* WeatherView.swift */; };
		1F0066FB296F032B000E42CB /* Assets.xcassets in Resources */ = {isa = PBXBuildFile; fileRef = 1F0066FA296F032B000E42CB /* Assets.xcassets */; };
		1F0066FE296F032B000E42CB /* Preview Assets.xcassets in Resources */ = {isa = PBXBuildFile; fileRef = 1F0066FD296F032B000E42CB /* Preview Assets.xcassets */; };
		1F006708296F032B000E42CB /* Weather_AppTests.swift in Sources */ = {isa = PBXBuildFile; fileRef = 1F006707296F032B000E42CB /* Weather_AppTests.swift */; };
		1F006712296F032B000E42CB /* Weather_AppUITests.swift in Sources */ = {isa = PBXBuildFile; fileRef = 1F006711296F032B000E42CB /* Weather_AppUITests.swift */; };
		1F006714296F032B000E42CB /* Weather_AppUITestsLaunchTests.swift in Sources */ = {isa = PBXBuildFile; fileRef = 1F006713296F032B000E42CB /* Weather_AppUITestsLaunchTests.swift */; };
		1F006721296F03D4000E42CB /* WeatherService.swift in Sources */ = {isa = PBXBuildFile; fileRef = 1F006720296F03D4000E42CB /* WeatherService.swift */; };
		1F006723296F0454000E42CB /* WeatherViewModel.swift in Sources */ = {isa = PBXBuildFile; fileRef = 1F006722296F0454000E42CB /* WeatherViewModel.swift */; };
		1F0067272970A1CA000E42CB /* WeatherDetailView.swift in Sources */ = {isa = PBXBuildFile; fileRef = 1F0067262970A1CA000E42CB /* WeatherDetailView.swift */; };
		1F0067292970A272000E42CB /* WeatherModel.swift in Sources */ = {isa = PBXBuildFile; fileRef = 1F0067282970A272000E42CB /* WeatherModel.swift */; };
		1F006730297384CE000E42CB /* WeatherServiceProtocol.swift in Sources */ = {isa = PBXBuildFile; fileRef = 1F00672F297384CE000E42CB /* WeatherServiceProtocol.swift */; };
		1F0067312973863E000E42CB /* WeatherServiceProtocol.swift in Sources */ = {isa = PBXBuildFile; fileRef = 1F00672F297384CE000E42CB /* WeatherServiceProtocol.swift */; };
		1F0067332973864D000E42CB /* MockWeatherService.swift in Sources */ = {isa = PBXBuildFile; fileRef = 1F0067322973864D000E42CB /* MockWeatherService.swift */; };
		1F006734297386B0000E42CB /* WeatherViewModel.swift in Sources */ = {isa = PBXBuildFile; fileRef = 1F006722296F0454000E42CB /* WeatherViewModel.swift */; };
		1F006735297386B6000E42CB /* WeatherModel.swift in Sources */ = {isa = PBXBuildFile; fileRef = 1F0067282970A272000E42CB /* WeatherModel.swift */; };
		1F0067362973874B000E42CB /* WeatherService.swift in Sources */ = {isa = PBXBuildFile; fileRef = 1F006720296F03D4000E42CB /* WeatherService.swift */; };
		1F006738297463B0000E42CB /* MockFailedWeatherService.swift in Sources */ = {isa = PBXBuildFile; fileRef = 1F006737297463B0000E42CB /* MockFailedWeatherService.swift */; };
/* End PBXBuildFile section */

/* Begin PBXContainerItemProxy section */
		1F006704296F032B000E42CB /* PBXContainerItemProxy */ = {
			isa = PBXContainerItemProxy;
			containerPortal = 1F0066EB296F0326000E42CB /* Project object */;
			proxyType = 1;
			remoteGlobalIDString = 1F0066F2296F0326000E42CB;
			remoteInfo = "Weather App";
		};
		1F00670E296F032B000E42CB /* PBXContainerItemProxy */ = {
			isa = PBXContainerItemProxy;
			containerPortal = 1F0066EB296F0326000E42CB /* Project object */;
			proxyType = 1;
			remoteGlobalIDString = 1F0066F2296F0326000E42CB;
			remoteInfo = "Weather App";
		};
/* End PBXContainerItemProxy section */

/* Begin PBXFileReference section */
		1F0066F3296F0326000E42CB /* Weather App.app */ = {isa = PBXFileReference; explicitFileType = wrapper.application; includeInIndex = 0; path = "Weather App.app"; sourceTree = BUILT_PRODUCTS_DIR; };
		1F0066F6296F0326000E42CB /* WeatherApp.swift */ = {isa = PBXFileReference; lastKnownFileType = sourcecode.swift; path = WeatherApp.swift; sourceTree = "<group>"; };
		1F0066F8296F0327000E42CB /* WeatherView.swift */ = {isa = PBXFileReference; lastKnownFileType = sourcecode.swift; path = WeatherView.swift; sourceTree = "<group>"; };
		1F0066FA296F032B000E42CB /* Assets.xcassets */ = {isa = PBXFileReference; lastKnownFileType = folder.assetcatalog; path = Assets.xcassets; sourceTree = "<group>"; };
		1F0066FD296F032B000E42CB /* Preview Assets.xcassets */ = {isa = PBXFileReference; lastKnownFileType = folder.assetcatalog; path = "Preview Assets.xcassets"; sourceTree = "<group>"; };
		1F006703296F032B000E42CB /* Weather AppTests.xctest */ = {isa = PBXFileReference; explicitFileType = wrapper.cfbundle; includeInIndex = 0; path = "Weather AppTests.xctest"; sourceTree = BUILT_PRODUCTS_DIR; };
		1F006707296F032B000E42CB /* Weather_AppTests.swift */ = {isa = PBXFileReference; lastKnownFileType = sourcecode.swift; path = Weather_AppTests.swift; sourceTree = "<group>"; };
		1F00670D296F032B000E42CB /* Weather AppUITests.xctest */ = {isa = PBXFileReference; explicitFileType = wrapper.cfbundle; includeInIndex = 0; path = "Weather AppUITests.xctest"; sourceTree = BUILT_PRODUCTS_DIR; };
		1F006711296F032B000E42CB /* Weather_AppUITests.swift */ = {isa = PBXFileReference; lastKnownFileType = sourcecode.swift; path = Weather_AppUITests.swift; sourceTree = "<group>"; };
		1F006713296F032B000E42CB /* Weather_AppUITestsLaunchTests.swift */ = {isa = PBXFileReference; lastKnownFileType = sourcecode.swift; path = Weather_AppUITestsLaunchTests.swift; sourceTree = "<group>"; };
		1F006720296F03D4000E42CB /* WeatherService.swift */ = {isa = PBXFileReference; lastKnownFileType = sourcecode.swift; path = WeatherService.swift; sourceTree = "<group>"; };
		1F006722296F0454000E42CB /* WeatherViewModel.swift */ = {isa = PBXFileReference; lastKnownFileType = sourcecode.swift; path = WeatherViewModel.swift; sourceTree = "<group>"; };
		1F0067262970A1CA000E42CB /* WeatherDetailView.swift */ = {isa = PBXFileReference; lastKnownFileType = sourcecode.swift; path = WeatherDetailView.swift; sourceTree = "<group>"; };
		1F0067282970A272000E42CB /* WeatherModel.swift */ = {isa = PBXFileReference; lastKnownFileType = sourcecode.swift; path = WeatherModel.swift; sourceTree = "<group>"; };
		1F00672F297384CE000E42CB /* WeatherServiceProtocol.swift */ = {isa = PBXFileReference; lastKnownFileType = sourcecode.swift; path = WeatherServiceProtocol.swift; sourceTree = "<group>"; };
		1F0067322973864D000E42CB /* MockWeatherService.swift */ = {isa = PBXFileReference; lastKnownFileType = sourcecode.swift; path = MockWeatherService.swift; sourceTree = "<group>"; };
		1F006737297463B0000E42CB /* MockFailedWeatherService.swift */ = {isa = PBXFileReference; lastKnownFileType = sourcecode.swift; path = MockFailedWeatherService.swift; sourceTree = "<group>"; };
/* End PBXFileReference section */

/* Begin PBXFrameworksBuildPhase section */
		1F0066F0296F0326000E42CB /* Frameworks */ = {
			isa = PBXFrameworksBuildPhase;
			buildActionMask = 2147483647;
			files = (
			);
			runOnlyForDeploymentPostprocessing = 0;
		};
		1F006700296F032B000E42CB /* Frameworks */ = {
			isa = PBXFrameworksBuildPhase;
			buildActionMask = 2147483647;
			files = (
			);
			runOnlyForDeploymentPostprocessing = 0;
		};
		1F00670A296F032B000E42CB /* Frameworks */ = {
			isa = PBXFrameworksBuildPhase;
			buildActionMask = 2147483647;
			files = (
			);
			runOnlyForDeploymentPostprocessing = 0;
		};
/* End PBXFrameworksBuildPhase section */

/* Begin PBXGroup section */
		1F0066EA296F0326000E42CB = {
			isa = PBXGroup;
			children = (
				1F0066F5296F0326000E42CB /* Weather App */,
				1F006706296F032B000E42CB /* Weather AppTests */,
				1F006710296F032B000E42CB /* Weather AppUITests */,
				1F0066F4296F0326000E42CB /* Products */,
			);
			sourceTree = "<group>";
		};
		1F0066F4296F0326000E42CB /* Products */ = {
			isa = PBXGroup;
			children = (
				1F0066F3296F0326000E42CB /* Weather App.app */,
				1F006703296F032B000E42CB /* Weather AppTests.xctest */,
				1F00670D296F032B000E42CB /* Weather AppUITests.xctest */,
			);
			name = Products;
			sourceTree = "<group>";
		};
		1F0066F5296F0326000E42CB /* Weather App */ = {
			isa = PBXGroup;
			children = (
				1F00672E2970A7B0000E42CB /* Model */,
				1F00672D2970A79C000E42CB /* ViewModel */,
				1F00672C2970A789000E42CB /* View */,
				1F0066F6296F0326000E42CB /* WeatherApp.swift */,
				1F006720296F03D4000E42CB /* WeatherService.swift */,
				1F00672F297384CE000E42CB /* WeatherServiceProtocol.swift */,
				1F0066FA296F032B000E42CB /* Assets.xcassets */,
				1F0066FC296F032B000E42CB /* Preview Content */,
			);
			path = "Weather App";
			sourceTree = "<group>";
		};
		1F0066FC296F032B000E42CB /* Preview Content */ = {
			isa = PBXGroup;
			children = (
				1F0066FD296F032B000E42CB /* Preview Assets.xcassets */,
			);
			path = "Preview Content";
			sourceTree = "<group>";
		};
		1F006706296F032B000E42CB /* Weather AppTests */ = {
			isa = PBXGroup;
			children = (
				1F006707296F032B000E42CB /* Weather_AppTests.swift */,
				1F0067322973864D000E42CB /* MockWeatherService.swift */,
				1F006737297463B0000E42CB /* MockFailedWeatherService.swift */,
			);
			path = "Weather AppTests";
			sourceTree = "<group>";
		};
		1F006710296F032B000E42CB /* Weather AppUITests */ = {
			isa = PBXGroup;
			children = (
				1F006711296F032B000E42CB /* Weather_AppUITests.swift */,
				1F006713296F032B000E42CB /* Weather_AppUITestsLaunchTests.swift */,
			);
			path = "Weather AppUITests";
			sourceTree = "<group>";
		};
		1F00672C2970A789000E42CB /* View */ = {
			isa = PBXGroup;
			children = (
				1F0066F8296F0327000E42CB /* WeatherView.swift */,
				1F0067262970A1CA000E42CB /* WeatherDetailView.swift */,
			);
			path = View;
			sourceTree = "<group>";
		};
		1F00672D2970A79C000E42CB /* ViewModel */ = {
			isa = PBXGroup;
			children = (
				1F006722296F0454000E42CB /* WeatherViewModel.swift */,
			);
			path = ViewModel;
			sourceTree = "<group>";
		};
		1F00672E2970A7B0000E42CB /* Model */ = {
			isa = PBXGroup;
			children = (
				1F0067282970A272000E42CB /* WeatherModel.swift */,
			);
			path = Model;
			sourceTree = "<group>";
		};
/* End PBXGroup section */

/* Begin PBXNativeTarget section */
		1F0066F2296F0326000E42CB /* Weather App */ = {
			isa = PBXNativeTarget;
			buildConfigurationList = 1F006717296F032B000E42CB /* Build configuration list for PBXNativeTarget "Weather App" */;
			buildPhases = (
				1F0066EF296F0326000E42CB /* Sources */,
				1F0066F0296F0326000E42CB /* Frameworks */,
				1F0066F1296F0326000E42CB /* Resources */,
			);
			buildRules = (
			);
			dependencies = (
			);
			name = "Weather App";
			productName = "Weather App";
			productReference = 1F0066F3296F0326000E42CB /* Weather App.app */;
			productType = "com.apple.product-type.application";
		};
		1F006702296F032B000E42CB /* Weather AppTests */ = {
			isa = PBXNativeTarget;
			buildConfigurationList = 1F00671A296F032B000E42CB /* Build configuration list for PBXNativeTarget "Weather AppTests" */;
			buildPhases = (
				1F0066FF296F032B000E42CB /* Sources */,
				1F006700296F032B000E42CB /* Frameworks */,
				1F006701296F032B000E42CB /* Resources */,
			);
			buildRules = (
			);
			dependencies = (
				1F006705296F032B000E42CB /* PBXTargetDependency */,
			);
			name = "Weather AppTests";
			productName = "Weather AppTests";
			productReference = 1F006703296F032B000E42CB /* Weather AppTests.xctest */;
			productType = "com.apple.product-type.bundle.unit-test";
		};
		1F00670C296F032B000E42CB /* Weather AppUITests */ = {
			isa = PBXNativeTarget;
			buildConfigurationList = 1F00671D296F032B000E42CB /* Build configuration list for PBXNativeTarget "Weather AppUITests" */;
			buildPhases = (
				1F006709296F032B000E42CB /* Sources */,
				1F00670A296F032B000E42CB /* Frameworks */,
				1F00670B296F032B000E42CB /* Resources */,
			);
			buildRules = (
			);
			dependencies = (
				1F00670F296F032B000E42CB /* PBXTargetDependency */,
			);
			name = "Weather AppUITests";
			productName = "Weather AppUITests";
			productReference = 1F00670D296F032B000E42CB /* Weather AppUITests.xctest */;
			productType = "com.apple.product-type.bundle.ui-testing";
		};
/* End PBXNativeTarget section */

/* Begin PBXProject section */
		1F0066EB296F0326000E42CB /* Project object */ = {
			isa = PBXProject;
			attributes = {
				BuildIndependentTargetsInParallel = 1;
				LastSwiftUpdateCheck = 1420;
				LastUpgradeCheck = 1420;
				TargetAttributes = {
					1F0066F2296F0326000E42CB = {
						CreatedOnToolsVersion = 14.2;
					};
					1F006702296F032B000E42CB = {
						CreatedOnToolsVersion = 14.2;
						TestTargetID = 1F0066F2296F0326000E42CB;
					};
					1F00670C296F032B000E42CB = {
						CreatedOnToolsVersion = 14.2;
						TestTargetID = 1F0066F2296F0326000E42CB;
					};
				};
			};
			buildConfigurationList = 1F0066EE296F0326000E42CB /* Build configuration list for PBXProject "Weather App" */;
			compatibilityVersion = "Xcode 14.0";
			developmentRegion = en;
			hasScannedForEncodings = 0;
			knownRegions = (
				en,
				Base,
			);
			mainGroup = 1F0066EA296F0326000E42CB;
			productRefGroup = 1F0066F4296F0326000E42CB /* Products */;
			projectDirPath = "";
			projectRoot = "";
			targets = (
				1F0066F2296F0326000E42CB /* Weather App */,
				1F006702296F032B000E42CB /* Weather AppTests */,
				1F00670C296F032B000E42CB /* Weather AppUITests */,
			);
		};
/* End PBXProject section */

/* Begin PBXResourcesBuildPhase section */
		1F0066F1296F0326000E42CB /* Resources */ = {
			isa = PBXResourcesBuildPhase;
			buildActionMask = 2147483647;
			files = (
				1F0066FE296F032B000E42CB /* Preview Assets.xcassets in Resources */,
				1F0066FB296F032B000E42CB /* Assets.xcassets in Resources */,
			);
			runOnlyForDeploymentPostprocessing = 0;
		};
		1F006701296F032B000E42CB /* Resources */ = {
			isa = PBXResourcesBuildPhase;
			buildActionMask = 2147483647;
			files = (
			);
			runOnlyForDeploymentPostprocessing = 0;
		};
		1F00670B296F032B000E42CB /* Resources */ = {
			isa = PBXResourcesBuildPhase;
			buildActionMask = 2147483647;
			files = (
			);
			runOnlyForDeploymentPostprocessing = 0;
		};
/* End PBXResourcesBuildPhase section */

/* Begin PBXSourcesBuildPhase section */
		1F0066EF296F0326000E42CB /* Sources */ = {
			isa = PBXSourcesBuildPhase;
			buildActionMask = 2147483647;
			files = (
				1F0066F9296F0327000E42CB /* WeatherView.swift in Sources */,
				1F006723296F0454000E42CB /* WeatherViewModel.swift in Sources */,
				1F006721296F03D4000E42CB /* WeatherService.swift in Sources */,
				1F0067272970A1CA000E42CB /* WeatherDetailView.swift in Sources */,
				1F0067292970A272000E42CB /* WeatherModel.swift in Sources */,
				1F006730297384CE000E42CB /* WeatherServiceProtocol.swift in Sources */,
				1F0066F7296F0326000E42CB /* WeatherApp.swift in Sources */,
			);
			runOnlyForDeploymentPostprocessing = 0;
		};
		1F0066FF296F032B000E42CB /* Sources */ = {
			isa = PBXSourcesBuildPhase;
			buildActionMask = 2147483647;
			files = (
				1F0067332973864D000E42CB /* MockWeatherService.swift in Sources */,
				1F006734297386B0000E42CB /* WeatherViewModel.swift in Sources */,
				1F0067312973863E000E42CB /* WeatherServiceProtocol.swift in Sources */,
				1F006708296F032B000E42CB /* Weather_AppTests.swift in Sources */,
				1F0067362973874B000E42CB /* WeatherService.swift in Sources */,
				1F006738297463B0000E42CB /* MockFailedWeatherService.swift in Sources */,
				1F006735297386B6000E42CB /* WeatherModel.swift in Sources */,
			);
			runOnlyForDeploymentPostprocessing = 0;
		};
		1F006709296F032B000E42CB /* Sources */ = {
			isa = PBXSourcesBuildPhase;
			buildActionMask = 2147483647;
			files = (
				1F006712296F032B000E42CB /* Weather_AppUITests.swift in Sources */,
				1F006714296F032B000E42CB /* Weather_AppUITestsLaunchTests.swift in Sources */,
			);
			runOnlyForDeploymentPostprocessing = 0;
		};
/* End PBXSourcesBuildPhase section */

/* Begin PBXTargetDependency section */
		1F006705296F032B000E42CB /* PBXTargetDependency */ = {
			isa = PBXTargetDependency;
			target = 1F0066F2296F0326000E42CB /* Weather App */;
			targetProxy = 1F006704296F032B000E42CB /* PBXContainerItemProxy */;
		};
		1F00670F296F032B000E42CB /* PBXTargetDependency */ = {
			isa = PBXTargetDependency;
			target = 1F0066F2296F0326000E42CB /* Weather App */;
			targetProxy = 1F00670E296F032B000E42CB /* PBXContainerItemProxy */;
		};
/* End PBXTargetDependency section */

/* Begin XCBuildConfiguration section */
		1F006715296F032B000E42CB /* Debug */ = {
			isa = XCBuildConfiguration;
			buildSettings = {
				ALWAYS_SEARCH_USER_PATHS = NO;
				CLANG_ANALYZER_NONNULL = YES;
				CLANG_ANALYZER_NUMBER_OBJECT_CONVERSION = YES_AGGRESSIVE;
				CLANG_CXX_LANGUAGE_STANDARD = "gnu++20";
				CLANG_ENABLE_MODULES = YES;
				CLANG_ENABLE_OBJC_ARC = YES;
				CLANG_ENABLE_OBJC_WEAK = YES;
				CLANG_WARN_BLOCK_CAPTURE_AUTORELEASING = YES;
				CLANG_WARN_BOOL_CONVERSION = YES;
				CLANG_WARN_COMMA = YES;
				CLANG_WARN_CONSTANT_CONVERSION = YES;
				CLANG_WARN_DEPRECATED_OBJC_IMPLEMENTATIONS = YES;
				CLANG_WARN_DIRECT_OBJC_ISA_USAGE = YES_ERROR;
				CLANG_WARN_DOCUMENTATION_COMMENTS = YES;
				CLANG_WARN_EMPTY_BODY = YES;
				CLANG_WARN_ENUM_CONVERSION = YES;
				CLANG_WARN_INFINITE_RECURSION = YES;
				CLANG_WARN_INT_CONVERSION = YES;
				CLANG_WARN_NON_LITERAL_NULL_CONVERSION = YES;
				CLANG_WARN_OBJC_IMPLICIT_RETAIN_SELF = YES;
				CLANG_WARN_OBJC_LITERAL_CONVERSION = YES;
				CLANG_WARN_OBJC_ROOT_CLASS = YES_ERROR;
				CLANG_WARN_QUOTED_INCLUDE_IN_FRAMEWORK_HEADER = YES;
				CLANG_WARN_RANGE_LOOP_ANALYSIS = YES;
				CLANG_WARN_STRICT_PROTOTYPES = YES;
				CLANG_WARN_SUSPICIOUS_MOVE = YES;
				CLANG_WARN_UNGUARDED_AVAILABILITY = YES_AGGRESSIVE;
				CLANG_WARN_UNREACHABLE_CODE = YES;
				CLANG_WARN__DUPLICATE_METHOD_MATCH = YES;
				COPY_PHASE_STRIP = NO;
				DEBUG_INFORMATION_FORMAT = dwarf;
				ENABLE_STRICT_OBJC_MSGSEND = YES;
				ENABLE_TESTABILITY = YES;
				GCC_C_LANGUAGE_STANDARD = gnu11;
				GCC_DYNAMIC_NO_PIC = NO;
				GCC_NO_COMMON_BLOCKS = YES;
				GCC_OPTIMIZATION_LEVEL = 0;
				GCC_PREPROCESSOR_DEFINITIONS = (
					"DEBUG=1",
					"$(inherited)",
				);
				GCC_WARN_64_TO_32_BIT_CONVERSION = YES;
				GCC_WARN_ABOUT_RETURN_TYPE = YES_ERROR;
				GCC_WARN_UNDECLARED_SELECTOR = YES;
				GCC_WARN_UNINITIALIZED_AUTOS = YES_AGGRESSIVE;
				GCC_WARN_UNUSED_FUNCTION = YES;
				GCC_WARN_UNUSED_VARIABLE = YES;
				IPHONEOS_DEPLOYMENT_TARGET = 16.2;
				MTL_ENABLE_DEBUG_INFO = INCLUDE_SOURCE;
				MTL_FAST_MATH = YES;
				ONLY_ACTIVE_ARCH = YES;
				SDKROOT = iphoneos;
				SWIFT_ACTIVE_COMPILATION_CONDITIONS = DEBUG;
				SWIFT_OPTIMIZATION_LEVEL = "-Onone";
			};
			name = Debug;
		};
		1F006716296F032B000E42CB /* Release */ = {
			isa = XCBuildConfiguration;
			buildSettings = {
				ALWAYS_SEARCH_USER_PATHS = NO;
				CLANG_ANALYZER_NONNULL = YES;
				CLANG_ANALYZER_NUMBER_OBJECT_CONVERSION = YES_AGGRESSIVE;
				CLANG_CXX_LANGUAGE_STANDARD = "gnu++20";
				CLANG_ENABLE_MODULES = YES;
				CLANG_ENABLE_OBJC_ARC = YES;
				CLANG_ENABLE_OBJC_WEAK = YES;
				CLANG_WARN_BLOCK_CAPTURE_AUTORELEASING = YES;
				CLANG_WARN_BOOL_CONVERSION = YES;
				CLANG_WARN_COMMA = YES;
				CLANG_WARN_CONSTANT_CONVERSION = YES;
				CLANG_WARN_DEPRECATED_OBJC_IMPLEMENTATIONS = YES;
				CLANG_WARN_DIRECT_OBJC_ISA_USAGE = YES_ERROR;
				CLANG_WARN_DOCUMENTATION_COMMENTS = YES;
				CLANG_WARN_EMPTY_BODY = YES;
				CLANG_WARN_ENUM_CONVERSION = YES;
				CLANG_WARN_INFINITE_RECURSION = YES;
				CLANG_WARN_INT_CONVERSION = YES;
				CLANG_WARN_NON_LITERAL_NULL_CONVERSION = YES;
				CLANG_WARN_OBJC_IMPLICIT_RETAIN_SELF = YES;
				CLANG_WARN_OBJC_LITERAL_CONVERSION = YES;
				CLANG_WARN_OBJC_ROOT_CLASS = YES_ERROR;
				CLANG_WARN_QUOTED_INCLUDE_IN_FRAMEWORK_HEADER = YES;
				CLANG_WARN_RANGE_LOOP_ANALYSIS = YES;
				CLANG_WARN_STRICT_PROTOTYPES = YES;
				CLANG_WARN_SUSPICIOUS_MOVE = YES;
				CLANG_WARN_UNGUARDED_AVAILABILITY = YES_AGGRESSIVE;
				CLANG_WARN_UNREACHABLE_CODE = YES;
				CLANG_WARN__DUPLICATE_METHOD_MATCH = YES;
				COPY_PHASE_STRIP = NO;
				DEBUG_INFORMATION_FORMAT = "dwarf-with-dsym";
				ENABLE_NS_ASSERTIONS = NO;
				ENABLE_STRICT_OBJC_MSGSEND = YES;
				GCC_C_LANGUAGE_STANDARD = gnu11;
				GCC_NO_COMMON_BLOCKS = YES;
				GCC_WARN_64_TO_32_BIT_CONVERSION = YES;
				GCC_WARN_ABOUT_RETURN_TYPE = YES_ERROR;
				GCC_WARN_UNDECLARED_SELECTOR = YES;
				GCC_WARN_UNINITIALIZED_AUTOS = YES_AGGRESSIVE;
				GCC_WARN_UNUSED_FUNCTION = YES;
				GCC_WARN_UNUSED_VARIABLE = YES;
				IPHONEOS_DEPLOYMENT_TARGET = 16.2;
				MTL_ENABLE_DEBUG_INFO = NO;
				MTL_FAST_MATH = YES;
				SDKROOT = iphoneos;
				SWIFT_COMPILATION_MODE = wholemodule;
				SWIFT_OPTIMIZATION_LEVEL = "-O";
				VALIDATE_PRODUCT = YES;
			};
			name = Release;
		};
		1F006718296F032B000E42CB /* Debug */ = {
			isa = XCBuildConfiguration;
			buildSettings = {
				ASSETCATALOG_COMPILER_APPICON_NAME = AppIcon;
				ASSETCATALOG_COMPILER_GLOBAL_ACCENT_COLOR_NAME = AccentColor;
				CODE_SIGN_STYLE = Automatic;
				CURRENT_PROJECT_VERSION = 1;
				DEVELOPMENT_ASSET_PATHS = "\"Weather App/Preview Content\"";
				DEVELOPMENT_TEAM = 5P5S95M69V;
				ENABLE_PREVIEWS = YES;
				GENERATE_INFOPLIST_FILE = YES;
				INFOPLIST_KEY_UIApplicationSceneManifest_Generation = YES;
				INFOPLIST_KEY_UIApplicationSupportsIndirectInputEvents = YES;
				INFOPLIST_KEY_UILaunchScreen_Generation = YES;
				INFOPLIST_KEY_UISupportedInterfaceOrientations_iPad = "UIInterfaceOrientationPortrait UIInterfaceOrientationPortraitUpsideDown UIInterfaceOrientationLandscapeLeft UIInterfaceOrientationLandscapeRight";
				INFOPLIST_KEY_UISupportedInterfaceOrientations_iPhone = "UIInterfaceOrientationPortrait UIInterfaceOrientationLandscapeLeft UIInterfaceOrientationLandscapeRight";
				LD_RUNPATH_SEARCH_PATHS = (
					"$(inherited)",
					"@executable_path/Frameworks",
				);
				MARKETING_VERSION = 1.0;
				PRODUCT_BUNDLE_IDENTIFIER = "de.ite.ios.Weather-App";
				PRODUCT_NAME = "$(TARGET_NAME)";
				SWIFT_EMIT_LOC_STRINGS = YES;
				SWIFT_VERSION = 5.0;
				TARGETED_DEVICE_FAMILY = "1,2";
			};
			name = Debug;
		};
		1F006719296F032B000E42CB /* Release */ = {
			isa = XCBuildConfiguration;
			buildSettings = {
				ASSETCATALOG_COMPILER_APPICON_NAME = AppIcon;
				ASSETCATALOG_COMPILER_GLOBAL_ACCENT_COLOR_NAME = AccentColor;
				CODE_SIGN_STYLE = Automatic;
				CURRENT_PROJECT_VERSION = 1;
				DEVELOPMENT_ASSET_PATHS = "\"Weather App/Preview Content\"";
				DEVELOPMENT_TEAM = 5P5S95M69V;
				ENABLE_PREVIEWS = YES;
				GENERATE_INFOPLIST_FILE = YES;
				INFOPLIST_KEY_UIApplicationSceneManifest_Generation = YES;
				INFOPLIST_KEY_UIApplicationSupportsIndirectInputEvents = YES;
				INFOPLIST_KEY_UILaunchScreen_Generation = YES;
				INFOPLIST_KEY_UISupportedInterfaceOrientations_iPad = "UIInterfaceOrientationPortrait UIInterfaceOrientationPortraitUpsideDown UIInterfaceOrientationLandscapeLeft UIInterfaceOrientationLandscapeRight";
				INFOPLIST_KEY_UISupportedInterfaceOrientations_iPhone = "UIInterfaceOrientationPortrait UIInterfaceOrientationLandscapeLeft UIInterfaceOrientationLandscapeRight";
				LD_RUNPATH_SEARCH_PATHS = (
					"$(inherited)",
					"@executable_path/Frameworks",
				);
				MARKETING_VERSION = 1.0;
				PRODUCT_BUNDLE_IDENTIFIER = "de.ite.ios.Weather-App";
				PRODUCT_NAME = "$(TARGET_NAME)";
				SWIFT_EMIT_LOC_STRINGS = YES;
				SWIFT_VERSION = 5.0;
				TARGETED_DEVICE_FAMILY = "1,2";
			};
			name = Release;
		};
		1F00671B296F032B000E42CB /* Debug */ = {
			isa = XCBuildConfiguration;
			buildSettings = {
				ALWAYS_EMBED_SWIFT_STANDARD_LIBRARIES = YES;
				BUNDLE_LOADER = "$(TEST_HOST)";
				CODE_SIGN_STYLE = Automatic;
				CURRENT_PROJECT_VERSION = 1;
				DEVELOPMENT_TEAM = 5P5S95M69V;
				GENERATE_INFOPLIST_FILE = YES;
				IPHONEOS_DEPLOYMENT_TARGET = 16.2;
				MARKETING_VERSION = 1.0;
				PRODUCT_BUNDLE_IDENTIFIER = "de.ite.ios.Weather-AppTests";
				PRODUCT_NAME = "$(TARGET_NAME)";
				SWIFT_EMIT_LOC_STRINGS = NO;
				SWIFT_VERSION = 5.0;
				TARGETED_DEVICE_FAMILY = "1,2";
				TEST_HOST = "$(BUILT_PRODUCTS_DIR)/Weather App.app/$(BUNDLE_EXECUTABLE_FOLDER_PATH)/Weather App";
			};
			name = Debug;
		};
		1F00671C296F032B000E42CB /* Release */ = {
			isa = XCBuildConfiguration;
			buildSettings = {
				ALWAYS_EMBED_SWIFT_STANDARD_LIBRARIES = YES;
				BUNDLE_LOADER = "$(TEST_HOST)";
				CODE_SIGN_STYLE = Automatic;
				CURRENT_PROJECT_VERSION = 1;
				DEVELOPMENT_TEAM = 5P5S95M69V;
				GENERATE_INFOPLIST_FILE = YES;
				IPHONEOS_DEPLOYMENT_TARGET = 16.2;
				MARKETING_VERSION = 1.0;
				PRODUCT_BUNDLE_IDENTIFIER = "de.ite.ios.Weather-AppTests";
				PRODUCT_NAME = "$(TARGET_NAME)";
				SWIFT_EMIT_LOC_STRINGS = NO;
				SWIFT_VERSION = 5.0;
				TARGETED_DEVICE_FAMILY = "1,2";
				TEST_HOST = "$(BUILT_PRODUCTS_DIR)/Weather App.app/$(BUNDLE_EXECUTABLE_FOLDER_PATH)/Weather App";
			};
			name = Release;
		};
		1F00671E296F032B000E42CB /* Debug */ = {
			isa = XCBuildConfiguration;
			buildSettings = {
				ALWAYS_EMBED_SWIFT_STANDARD_LIBRARIES = YES;
				CODE_SIGN_STYLE = Automatic;
				CURRENT_PROJECT_VERSION = 1;
				DEVELOPMENT_TEAM = 5P5S95M69V;
				GENERATE_INFOPLIST_FILE = YES;
				MARKETING_VERSION = 1.0;
				PRODUCT_BUNDLE_IDENTIFIER = "de.ite.ios.Weather-AppUITests";
				PRODUCT_NAME = "$(TARGET_NAME)";
				SWIFT_EMIT_LOC_STRINGS = NO;
				SWIFT_VERSION = 5.0;
				TARGETED_DEVICE_FAMILY = "1,2";
				TEST_TARGET_NAME = "Weather App";
			};
			name = Debug;
		};
		1F00671F296F032B000E42CB /* Release */ = {
			isa = XCBuildConfiguration;
			buildSettings = {
				ALWAYS_EMBED_SWIFT_STANDARD_LIBRARIES = YES;
				CODE_SIGN_STYLE = Automatic;
				CURRENT_PROJECT_VERSION = 1;
				DEVELOPMENT_TEAM = 5P5S95M69V;
				GENERATE_INFOPLIST_FILE = YES;
				MARKETING_VERSION = 1.0;
				PRODUCT_BUNDLE_IDENTIFIER = "de.ite.ios.Weather-AppUITests";
				PRODUCT_NAME = "$(TARGET_NAME)";
				SWIFT_EMIT_LOC_STRINGS = NO;
				SWIFT_VERSION = 5.0;
				TARGETED_DEVICE_FAMILY = "1,2";
				TEST_TARGET_NAME = "Weather App";
			};
			name = Release;
		};
/* End XCBuildConfiguration section */

/* Begin XCConfigurationList section */
		1F0066EE296F0326000E42CB /* Build configuration list for PBXProject "Weather App" */ = {
			isa = XCConfigurationList;
			buildConfigurations = (
				1F006715296F032B000E42CB /* Debug */,
				1F006716296F032B000E42CB /* Release */,
			);
			defaultConfigurationIsVisible = 0;
			defaultConfigurationName = Release;
		};
		1F006717296F032B000E42CB /* Build configuration list for PBXNativeTarget "Weather App" */ = {
			isa = XCConfigurationList;
			buildConfigurations = (
				1F006718296F032B000E42CB /* Debug */,
				1F006719296F032B000E42CB /* Release */,
			);
			defaultConfigurationIsVisible = 0;
			defaultConfigurationName = Release;
		};
		1F00671A296F032B000E42CB /* Build configuration list for PBXNativeTarget "Weather AppTests" */ = {
			isa = XCConfigurationList;
			buildConfigurations = (
				1F00671B296F032B000E42CB /* Debug */,
				1F00671C296F032B000E42CB /* Release */,
			);
			defaultConfigurationIsVisible = 0;
			defaultConfigurationName = Release;
		};
		1F00671D296F032B000E42CB /* Build configuration list for PBXNativeTarget "Weather AppUITests" */ = {
			isa = XCConfigurationList;
			buildConfigurations = (
				1F00671E296F032B000E42CB /* Debug */,
				1F00671F296F032B000E42CB /* Release */,
			);
			defaultConfigurationIsVisible = 0;
			defaultConfigurationName = Release;
		};
/* End XCConfigurationList section */
	};
	rootObject = 1F0066EB296F0326000E42CB /* Project object */;
}
